
Microsoft Visual Studio Solution File, Format Version 12.00
# Visual Studio Version 17
VisualStudioVersion = 17.5.33424.131
MinimumVisualStudioVersion = 10.0.40219.1
Project("{FAE04EC0-301F-11D3-BF4B-00C04F79EFBC}") = "QLTH.API", "QLTH.API\QLTH.API.csproj", "{EC1E7D74-024C-45C7-B861-E61863E895FE}"
EndProject
Project("{FAE04EC0-301F-11D3-BF4B-00C04F79EFBC}") = "QLTH.BL", "QLTH.BL\QLTH.BL.csproj", "{8BD65D89-3689-474E-8260-5A7F31B641B8}"
EndProject
Project("{FAE04EC0-301F-11D3-BF4B-00C04F79EFBC}") = "QLTH.DL", "QLTH.DL\QLTH.DL.csproj", "{C3968DCE-0F4A-4EB1-9FAA-5F28181EE3F4}"
EndProject
Project("{FAE04EC0-301F-11D3-BF4B-00C04F79EFBC}") = "QLTH.Common", "QLTH.Common\QLTH.Common.csproj", "{62AA6F93-5FB0-40C8-A4F2-ABD32011666F}"
EndProject
Global
	GlobalSection(SolutionConfigurationPlatforms) = preSolution
		Debug|Any CPU = Debug|Any CPU
		Release|Any CPU = Release|Any CPU
	EndGlobalSection
	GlobalSection(ProjectConfigurationPlatforms) = postSolution
		{EC1E7D74-024C-45C7-B861-E61863E895FE}.Debug|Any CPU.ActiveCfg = Debug|Any CPU
		{EC1E7D74-024C-45C7-B861-E61863E895FE}.Debug|Any CPU.Build.0 = Debug|Any CPU
		{EC1E7D74-024C-45C7-B861-E61863E895FE}.Release|Any CPU.ActiveCfg = Release|Any CPU
		{EC1E7D74-024C-45C7-B861-E61863E895FE}.Release|Any CPU.Build.0 = Release|Any CPU
		{8BD65D89-3689-474E-8260-5A7F31B641B8}.Debug|Any CPU.ActiveCfg = Debug|Any CPU
		{8BD65D89-3689-474E-8260-5A7F31B641B8}.Debug|Any CPU.Build.0 = Debug|Any CPU
		{8BD65D89-3689-474E-8260-5A7F31B641B8}.Release|Any CPU.ActiveCfg = Release|Any CPU
		{8BD65D89-3689-474E-8260-5A7F31B641B8}.Release|Any CPU.Build.0 = Release|Any CPU
		{C3968DCE-0F4A-4EB1-9FAA-5F28181EE3F4}.Debug|Any CPU.ActiveCfg = Debug|Any CPU
		{C3968DCE-0F4A-4EB1-9FAA-5F28181EE3F4}.Debug|Any CPU.Build.0 = Debug|Any CPU
		{C3968DCE-0F4A-4EB1-9FAA-5F28181EE3F4}.Release|Any CPU.ActiveCfg = Release|Any CPU
		{C3968DCE-0F4A-4EB1-9FAA-5F28181EE3F4}.Release|Any CPU.Build.0 = Release|Any CPU
		{62AA6F93-5FB0-40C8-A4F2-ABD32011666F}.Debug|Any CPU.ActiveCfg = Debug|Any CPU
		{62AA6F93-5FB0-40C8-A4F2-ABD32011666F}.Debug|Any CPU.Build.0 = Debug|Any CPU
		{62AA6F93-5FB0-40C8-A4F2-ABD32011666F}.Release|Any CPU.ActiveCfg = Release|Any CPU
		{62AA6F93-5FB0-40C8-A4F2-ABD32011666F}.Release|Any CPU.Build.0 = Release|Any CPU
	EndGlobalSection
	GlobalSection(SolutionProperties) = preSolution
		HideSolutionNode = FALSE
	EndGlobalSection
	GlobalSection(ExtensibilityGlobals) = postSolution
		SolutionGuid = {09D54A13-AE8F-4547-BB4A-EA24622BFD62}
	EndGlobalSection
EndGlobal
